
Microsoft Visual Studio Solution File, Format Version 12.00
Project("{FAE04EC0-301F-11D3-BF4B-00C04F79EFBC}") = "YouTubester.Persistence", "YouTubester.Persistence\YouTubester.Persistence.csproj", "{337FB270-3755-40C6-9680-961BCF541CC0}"
EndProject
Project("{FAE04EC0-301F-11D3-BF4B-00C04F79EFBC}") = "YouTubester.Domain", "YouTubester.Domain\YouTubester.Domain.csproj", "{E0E1CA49-2A41-4278-955C-046F2F2AB4C2}"
EndProject
Project("{FAE04EC0-301F-11D3-BF4B-00C04F79EFBC}") = "YouTubester.Api", "YouTubester.Api\YouTubester.Api.csproj", "{1AA02367-5B16-4FDA-92C4-1351C83E0FFC}"
EndProject
Project("{FAE04EC0-301F-11D3-BF4B-00C04F79EFBC}") = "YouTubester.Application", "YouTubester.Application\YouTubester.Application.csproj", "{86C4FA94-4EA7-47D3-AA7D-2563E11F7A47}"
EndProject
Project("{FAE04EC0-301F-11D3-BF4B-00C04F79EFBC}") = "YouTubester.Worker", "YouTubester.Worker\YouTubester.Worker.csproj", "{C52D2510-0AA8-4742-A975-C9F9F03FE665}"
EndProject
Project("{2150E333-8FDC-42A3-9474-1A3956D46DE8}") = ".data", ".data", "{3E849CAC-92C7-45D5-87C9-B08D61D4B63C}"
EndProject
Project("{FAE04EC0-301F-11D3-BF4B-00C04F79EFBC}") = "YouTubester.Integration", "YouTubester.Integration\YouTubester.Integration.csproj", "{37C0F391-4B06-4FE7-8AC3-14021C092F10}"
EndProject
Global
	GlobalSection(SolutionConfigurationPlatforms) = preSolution
		Debug|Any CPU = Debug|Any CPU
		Release|Any CPU = Release|Any CPU
	EndGlobalSection
	GlobalSection(ProjectConfigurationPlatforms) = postSolution
		{337FB270-3755-40C6-9680-961BCF541CC0}.Debug|Any CPU.ActiveCfg = Debug|Any CPU
		{337FB270-3755-40C6-9680-961BCF541CC0}.Debug|Any CPU.Build.0 = Debug|Any CPU
		{337FB270-3755-40C6-9680-961BCF541CC0}.Release|Any CPU.ActiveCfg = Release|Any CPU
		{337FB270-3755-40C6-9680-961BCF541CC0}.Release|Any CPU.Build.0 = Release|Any CPU
		{E0E1CA49-2A41-4278-955C-046F2F2AB4C2}.Debug|Any CPU.ActiveCfg = Debug|Any CPU
		{E0E1CA49-2A41-4278-955C-046F2F2AB4C2}.Debug|Any CPU.Build.0 = Debug|Any CPU
		{E0E1CA49-2A41-4278-955C-046F2F2AB4C2}.Release|Any CPU.ActiveCfg = Release|Any CPU
		{E0E1CA49-2A41-4278-955C-046F2F2AB4C2}.Release|Any CPU.Build.0 = Release|Any CPU
		{1AA02367-5B16-4FDA-92C4-1351C83E0FFC}.Debug|Any CPU.ActiveCfg = Debug|Any CPU
		{1AA02367-5B16-4FDA-92C4-1351C83E0FFC}.Debug|Any CPU.Build.0 = Debug|Any CPU
		{1AA02367-5B16-4FDA-92C4-1351C83E0FFC}.Release|Any CPU.ActiveCfg = Release|Any CPU
		{1AA02367-5B16-4FDA-92C4-1351C83E0FFC}.Release|Any CPU.Build.0 = Release|Any CPU
		{86C4FA94-4EA7-47D3-AA7D-2563E11F7A47}.Debug|Any CPU.ActiveCfg = Debug|Any CPU
		{86C4FA94-4EA7-47D3-AA7D-2563E11F7A47}.Debug|Any CPU.Build.0 = Debug|Any CPU
		{86C4FA94-4EA7-47D3-AA7D-2563E11F7A47}.Release|Any CPU.ActiveCfg = Release|Any CPU
		{86C4FA94-4EA7-47D3-AA7D-2563E11F7A47}.Release|Any CPU.Build.0 = Release|Any CPU
		{C52D2510-0AA8-4742-A975-C9F9F03FE665}.Debug|Any CPU.ActiveCfg = Debug|Any CPU
		{C52D2510-0AA8-4742-A975-C9F9F03FE665}.Debug|Any CPU.Build.0 = Debug|Any CPU
		{C52D2510-0AA8-4742-A975-C9F9F03FE665}.Release|Any CPU.ActiveCfg = Release|Any CPU
		{C52D2510-0AA8-4742-A975-C9F9F03FE665}.Release|Any CPU.Build.0 = Release|Any CPU
		{37C0F391-4B06-4FE7-8AC3-14021C092F10}.Debug|Any CPU.ActiveCfg = Debug|Any CPU
		{37C0F391-4B06-4FE7-8AC3-14021C092F10}.Debug|Any CPU.Build.0 = Debug|Any CPU
		{37C0F391-4B06-4FE7-8AC3-14021C092F10}.Release|Any CPU.ActiveCfg = Release|Any CPU
		{37C0F391-4B06-4FE7-8AC3-14021C092F10}.Release|Any CPU.Build.0 = Release|Any CPU
	EndGlobalSection
EndGlobal
